
Microsoft Visual Studio Solution File, Format Version 12.00
# Visual Studio Version 16
VisualStudioVersion = 16.0.31005.135
MinimumVisualStudioVersion = 10.0.40219.1
Project("{9A19103F-16F7-4668-BE54-9A1E7A4F7556}") = "Ents", "Ents\Ents.csproj", "{57467C57-10EC-48D3-9D95-4D53B4A1E640}"
EndProject
Project("{9A19103F-16F7-4668-BE54-9A1E7A4F7556}") = "Sandbox", "Sandbox\Sandbox.csproj", "{2E6438ED-96C0-4BAB-BA1F-427CC691CC66}"
EndProject
Project("{FAE04EC0-301F-11D3-BF4B-00C04F79EFBC}") = "Ents.Tests", "Ents.Tests\Ents.Tests.csproj", "{BC493E8C-6B40-456F-9F0D-F7800F828E66}"
EndProject
Global
	GlobalSection(SolutionConfigurationPlatforms) = preSolution
		Debug|Any CPU = Debug|Any CPU
		Release|Any CPU = Release|Any CPU
	EndGlobalSection
	GlobalSection(ProjectConfigurationPlatforms) = postSolution
		{57467C57-10EC-48D3-9D95-4D53B4A1E640}.Debug|Any CPU.ActiveCfg = Debug|Any CPU
		{57467C57-10EC-48D3-9D95-4D53B4A1E640}.Debug|Any CPU.Build.0 = Debug|Any CPU
		{57467C57-10EC-48D3-9D95-4D53B4A1E640}.Release|Any CPU.ActiveCfg = Release|Any CPU
		{57467C57-10EC-48D3-9D95-4D53B4A1E640}.Release|Any CPU.Build.0 = Release|Any CPU
		{2E6438ED-96C0-4BAB-BA1F-427CC691CC66}.Debug|Any CPU.ActiveCfg = Debug|Any CPU
		{2E6438ED-96C0-4BAB-BA1F-427CC691CC66}.Debug|Any CPU.Build.0 = Debug|Any CPU
		{2E6438ED-96C0-4BAB-BA1F-427CC691CC66}.Release|Any CPU.ActiveCfg = Release|Any CPU
		{2E6438ED-96C0-4BAB-BA1F-427CC691CC66}.Release|Any CPU.Build.0 = Release|Any CPU
		{BC493E8C-6B40-456F-9F0D-F7800F828E66}.Debug|Any CPU.ActiveCfg = Debug|Any CPU
		{BC493E8C-6B40-456F-9F0D-F7800F828E66}.Debug|Any CPU.Build.0 = Debug|Any CPU
		{BC493E8C-6B40-456F-9F0D-F7800F828E66}.Release|Any CPU.ActiveCfg = Release|Any CPU
		{BC493E8C-6B40-456F-9F0D-F7800F828E66}.Release|Any CPU.Build.0 = Release|Any CPU
	EndGlobalSection
	GlobalSection(SolutionProperties) = preSolution
		HideSolutionNode = FALSE
	EndGlobalSection
	GlobalSection(ExtensibilityGlobals) = postSolution
		SolutionGuid = {9F8D91F8-EE5B-4523-9B44-805E069CB049}
	EndGlobalSection
EndGlobal
